
Microsoft Visual Studio Solution File, Format Version 12.00
# Visual Studio Version 17
VisualStudioVersion = 17.6.33815.320
MinimumVisualStudioVersion = 10.0.40219.1
Project("{9A19103F-16F7-4668-BE54-9A1E7A4F7556}") = "ApiHoleMin", "ApiHoleMin\ApiHoleMin.csproj", "{B706BD9A-241A-40B0-883E-64091B64C7CA}"
EndProject
Project("{9A19103F-16F7-4668-BE54-9A1E7A4F7556}") = "SqlJson", "..\src\SqlJson.csproj", "{6B1192B0-2EB5-4018-8C31-2015E79CE874}"
EndProject
Global
	GlobalSection(SolutionConfigurationPlatforms) = preSolution
		Debug|Any CPU = Debug|Any CPU
		Release|Any CPU = Release|Any CPU
	EndGlobalSection
	GlobalSection(ProjectConfigurationPlatforms) = postSolution
		{B706BD9A-241A-40B0-883E-64091B64C7CA}.Debug|Any CPU.ActiveCfg = Debug|Any CPU
		{B706BD9A-241A-40B0-883E-64091B64C7CA}.Debug|Any CPU.Build.0 = Debug|Any CPU
		{B706BD9A-241A-40B0-883E-64091B64C7CA}.Release|Any CPU.ActiveCfg = Release|Any CPU
		{B706BD9A-241A-40B0-883E-64091B64C7CA}.Release|Any CPU.Build.0 = Release|Any CPU
		{6B1192B0-2EB5-4018-8C31-2015E79CE874}.Debug|Any CPU.ActiveCfg = Debug|Any CPU
		{6B1192B0-2EB5-4018-8C31-2015E79CE874}.Debug|Any CPU.Build.0 = Debug|Any CPU
		{6B1192B0-2EB5-4018-8C31-2015E79CE874}.Release|Any CPU.ActiveCfg = Release|Any CPU
		{6B1192B0-2EB5-4018-8C31-2015E79CE874}.Release|Any CPU.Build.0 = Release|Any CPU
	EndGlobalSection
	GlobalSection(SolutionProperties) = preSolution
		HideSolutionNode = FALSE
	EndGlobalSection
	GlobalSection(ExtensibilityGlobals) = postSolution
		SolutionGuid = {F68B790A-2E91-40DD-9436-4D51429C93F8}
	EndGlobalSection
EndGlobal
