
Microsoft Visual Studio Solution File, Format Version 12.00
# Visual Studio Version 17
VisualStudioVersion = 17.9.34616.47
MinimumVisualStudioVersion = 10.0.40219.1
Project("{9A19103F-16F7-4668-BE54-9A1E7A4F7556}") = "SqlJsonExtensionsTests", "SqlJsonExtensionsTests\SqlJsonExtensionsTests.csproj", "{27B96DFD-81E5-40BC-BE0D-ED188DF6BA66}"
EndProject
Project("{9A19103F-16F7-4668-BE54-9A1E7A4F7556}") = "SqlJson.Extensions", "..\src\SqlJson.Extensions\SqlJson.Extensions.csproj", "{9F9E8181-9161-47A9-98A4-EC9271A2C0CC}"
EndProject
Global
	GlobalSection(SolutionConfigurationPlatforms) = preSolution
		Debug|Any CPU = Debug|Any CPU
		Release|Any CPU = Release|Any CPU
	EndGlobalSection
	GlobalSection(ProjectConfigurationPlatforms) = postSolution
		{27B96DFD-81E5-40BC-BE0D-ED188DF6BA66}.Debug|Any CPU.ActiveCfg = Debug|Any CPU
		{27B96DFD-81E5-40BC-BE0D-ED188DF6BA66}.Debug|Any CPU.Build.0 = Debug|Any CPU
		{27B96DFD-81E5-40BC-BE0D-ED188DF6BA66}.Release|Any CPU.ActiveCfg = Release|Any CPU
		{27B96DFD-81E5-40BC-BE0D-ED188DF6BA66}.Release|Any CPU.Build.0 = Release|Any CPU
		{9F9E8181-9161-47A9-98A4-EC9271A2C0CC}.Debug|Any CPU.ActiveCfg = Debug|Any CPU
		{9F9E8181-9161-47A9-98A4-EC9271A2C0CC}.Debug|Any CPU.Build.0 = Debug|Any CPU
		{9F9E8181-9161-47A9-98A4-EC9271A2C0CC}.Release|Any CPU.ActiveCfg = Release|Any CPU
		{9F9E8181-9161-47A9-98A4-EC9271A2C0CC}.Release|Any CPU.Build.0 = Release|Any CPU
	EndGlobalSection
	GlobalSection(SolutionProperties) = preSolution
		HideSolutionNode = FALSE
	EndGlobalSection
	GlobalSection(ExtensibilityGlobals) = postSolution
		SolutionGuid = {D918C36D-E236-4F9A-A635-50327F869ADA}
	EndGlobalSection
EndGlobal
