
Microsoft Visual Studio Solution File, Format Version 12.00
# Visual Studio Version 17
VisualStudioVersion = 17.4.33205.214
MinimumVisualStudioVersion = 10.0.40219.1
Project("{9A19103F-16F7-4668-BE54-9A1E7A4F7556}") = "BlazorAppDemo", "BlazorAppDemo\BlazorAppDemo.csproj", "{CCBBEF48-7661-4A22-8F5E-008A0F6B281B}"
EndProject
Global
	GlobalSection(SolutionConfigurationPlatforms) = preSolution
		Debug|Any CPU = Debug|Any CPU
		Release|Any CPU = Release|Any CPU
	EndGlobalSection
	GlobalSection(ProjectConfigurationPlatforms) = postSolution
		{CCBBEF48-7661-4A22-8F5E-008A0F6B281B}.Debug|Any CPU.ActiveCfg = Debug|Any CPU
		{CCBBEF48-7661-4A22-8F5E-008A0F6B281B}.Debug|Any CPU.Build.0 = Debug|Any CPU
		{CCBBEF48-7661-4A22-8F5E-008A0F6B281B}.Release|Any CPU.ActiveCfg = Release|Any CPU
		{CCBBEF48-7661-4A22-8F5E-008A0F6B281B}.Release|Any CPU.Build.0 = Release|Any CPU
	EndGlobalSection
	GlobalSection(SolutionProperties) = preSolution
		HideSolutionNode = FALSE
	EndGlobalSection
	GlobalSection(ExtensibilityGlobals) = postSolution
		SolutionGuid = {06C71CEE-3E0A-4B02-A94F-6038FC2DA825}
	EndGlobalSection
EndGlobal
