
Microsoft Visual Studio Solution File, Format Version 12.00
# Visual Studio Version 17
VisualStudioVersion = 17.5.33502.453
MinimumVisualStudioVersion = 10.0.40219.1
Project("{9A19103F-16F7-4668-BE54-9A1E7A4F7556}") = "Mass_Ins_Upd_Del", "Mass_Ins_Upd_Del\Mass_Ins_Upd_Del.csproj", "{F9E7BB94-2CE2-4DF1-965A-683A58FDD40F}"
EndProject
Global
	GlobalSection(SolutionConfigurationPlatforms) = preSolution
		Debug|Any CPU = Debug|Any CPU
		Release|Any CPU = Release|Any CPU
	EndGlobalSection
	GlobalSection(ProjectConfigurationPlatforms) = postSolution
		{F9E7BB94-2CE2-4DF1-965A-683A58FDD40F}.Debug|Any CPU.ActiveCfg = Debug|Any CPU
		{F9E7BB94-2CE2-4DF1-965A-683A58FDD40F}.Debug|Any CPU.Build.0 = Debug|Any CPU
		{F9E7BB94-2CE2-4DF1-965A-683A58FDD40F}.Release|Any CPU.ActiveCfg = Release|Any CPU
		{F9E7BB94-2CE2-4DF1-965A-683A58FDD40F}.Release|Any CPU.Build.0 = Release|Any CPU
	EndGlobalSection
	GlobalSection(SolutionProperties) = preSolution
		HideSolutionNode = FALSE
	EndGlobalSection
	GlobalSection(ExtensibilityGlobals) = postSolution
		SolutionGuid = {0EFAD090-7DCF-41E6-9239-83F50B05F8FB}
	EndGlobalSection
EndGlobal
