
Microsoft Visual Studio Solution File, Format Version 12.00
# Visual Studio Version 16
VisualStudioVersion = 16.0.31911.196
MinimumVisualStudioVersion = 10.0.40219.1
Project("{FAE04EC0-301F-11D3-BF4B-00C04F79EFBC}") = "SqlJsonWebApp", "SqlJsonWebApp\SqlJsonWebApp.csproj", "{96B056CC-97EF-43BB-BE13-8243D70C5736}"
EndProject
Global
	GlobalSection(SolutionConfigurationPlatforms) = preSolution
		Debug|Any CPU = Debug|Any CPU
		Release|Any CPU = Release|Any CPU
	EndGlobalSection
	GlobalSection(ProjectConfigurationPlatforms) = postSolution
		{96B056CC-97EF-43BB-BE13-8243D70C5736}.Debug|Any CPU.ActiveCfg = Debug|Any CPU
		{96B056CC-97EF-43BB-BE13-8243D70C5736}.Debug|Any CPU.Build.0 = Debug|Any CPU
		{96B056CC-97EF-43BB-BE13-8243D70C5736}.Release|Any CPU.ActiveCfg = Release|Any CPU
		{96B056CC-97EF-43BB-BE13-8243D70C5736}.Release|Any CPU.Build.0 = Release|Any CPU
	EndGlobalSection
	GlobalSection(SolutionProperties) = preSolution
		HideSolutionNode = FALSE
	EndGlobalSection
	GlobalSection(ExtensibilityGlobals) = postSolution
		SolutionGuid = {07E9F6A2-FFDC-43C9-8C13-553B1A8ACD51}
	EndGlobalSection
EndGlobal
